
Microsoft Visual Studio Solution File, Format Version 12.00
Project("{FAE04EC0-301F-11D3-BF4B-00C04F79EFBC}") = "WebApi", "WebApi\WebApi.csproj", "{DA3015B8-0DF7-495E-9419-CD71067E2644}"
EndProject
Project("{FAE04EC0-301F-11D3-BF4B-00C04F79EFBC}") = "Vk.Data", "Vk.Data\Vk.Data.csproj", "{5E8A405C-1FD1-447E-AAB4-7CB1603545C7}"
EndProject
Project("{FAE04EC0-301F-11D3-BF4B-00C04F79EFBC}") = "Vk.Base", "Vk.Base\Vk.Base.csproj", "{3C01FB1E-6D40-45F5-8490-7C5641688E0D}"
EndProject
Project("{FAE04EC0-301F-11D3-BF4B-00C04F79EFBC}") = "Vk.Schema", "Vk.Schema\Vk.Schema.csproj", "{431CBD17-FC3B-484E-BC05-69DC5A9D4564}"
EndProject
Project("{FAE04EC0-301F-11D3-BF4B-00C04F79EFBC}") = "Vk.Operation", "Vk.Operation\Vk.Operation.csproj", "{6967F1ED-3C60-4EC1-A270-5DD71ADEE8A6}"
EndProject
Project("{FAE04EC0-301F-11D3-BF4B-00C04F79EFBC}") = "Vk.UnitTest", "Vk.UnitTest\Vk.UnitTest.csproj", "{D29E410C-3898-41D8-93B8-66D4525464D1}"
EndProject
Global
	GlobalSection(SolutionConfigurationPlatforms) = preSolution
		Debug|Any CPU = Debug|Any CPU
		Release|Any CPU = Release|Any CPU
	EndGlobalSection
	GlobalSection(ProjectConfigurationPlatforms) = postSolution
		{DA3015B8-0DF7-495E-9419-CD71067E2644}.Debug|Any CPU.ActiveCfg = Debug|Any CPU
		{DA3015B8-0DF7-495E-9419-CD71067E2644}.Debug|Any CPU.Build.0 = Debug|Any CPU
		{DA3015B8-0DF7-495E-9419-CD71067E2644}.Release|Any CPU.ActiveCfg = Release|Any CPU
		{DA3015B8-0DF7-495E-9419-CD71067E2644}.Release|Any CPU.Build.0 = Release|Any CPU
		{5E8A405C-1FD1-447E-AAB4-7CB1603545C7}.Debug|Any CPU.ActiveCfg = Debug|Any CPU
		{5E8A405C-1FD1-447E-AAB4-7CB1603545C7}.Debug|Any CPU.Build.0 = Debug|Any CPU
		{5E8A405C-1FD1-447E-AAB4-7CB1603545C7}.Release|Any CPU.ActiveCfg = Release|Any CPU
		{5E8A405C-1FD1-447E-AAB4-7CB1603545C7}.Release|Any CPU.Build.0 = Release|Any CPU
		{3C01FB1E-6D40-45F5-8490-7C5641688E0D}.Debug|Any CPU.ActiveCfg = Debug|Any CPU
		{3C01FB1E-6D40-45F5-8490-7C5641688E0D}.Debug|Any CPU.Build.0 = Debug|Any CPU
		{3C01FB1E-6D40-45F5-8490-7C5641688E0D}.Release|Any CPU.ActiveCfg = Release|Any CPU
		{3C01FB1E-6D40-45F5-8490-7C5641688E0D}.Release|Any CPU.Build.0 = Release|Any CPU
		{431CBD17-FC3B-484E-BC05-69DC5A9D4564}.Debug|Any CPU.ActiveCfg = Debug|Any CPU
		{431CBD17-FC3B-484E-BC05-69DC5A9D4564}.Debug|Any CPU.Build.0 = Debug|Any CPU
		{431CBD17-FC3B-484E-BC05-69DC5A9D4564}.Release|Any CPU.ActiveCfg = Release|Any CPU
		{431CBD17-FC3B-484E-BC05-69DC5A9D4564}.Release|Any CPU.Build.0 = Release|Any CPU
		{6967F1ED-3C60-4EC1-A270-5DD71ADEE8A6}.Debug|Any CPU.ActiveCfg = Debug|Any CPU
		{6967F1ED-3C60-4EC1-A270-5DD71ADEE8A6}.Debug|Any CPU.Build.0 = Debug|Any CPU
		{6967F1ED-3C60-4EC1-A270-5DD71ADEE8A6}.Release|Any CPU.ActiveCfg = Release|Any CPU
		{6967F1ED-3C60-4EC1-A270-5DD71ADEE8A6}.Release|Any CPU.Build.0 = Release|Any CPU
		{D29E410C-3898-41D8-93B8-66D4525464D1}.Debug|Any CPU.ActiveCfg = Debug|Any CPU
		{D29E410C-3898-41D8-93B8-66D4525464D1}.Debug|Any CPU.Build.0 = Debug|Any CPU
		{D29E410C-3898-41D8-93B8-66D4525464D1}.Release|Any CPU.ActiveCfg = Release|Any CPU
		{D29E410C-3898-41D8-93B8-66D4525464D1}.Release|Any CPU.Build.0 = Release|Any CPU
	EndGlobalSection
EndGlobal
